// !$*UTF8*$!
{
	archiveVersion = 1;
	classes = {
	};
	objectVersion = 48;
	objects = {

/* Begin PBXBuildFile section */
		1803600A34AFA1E85EE459D1 /* Pods_pdf_test.framework in Frameworks */ = {isa = PBXBuildFile; fileRef = 37524F81F2AFFDE447B1DC14 /* Pods_pdf_test.framework */; };
		8A0617161FF5F79800B7BD78 /* secondViewController.swift in Sources */ = {isa = PBXBuildFile; fileRef = 8A0617151FF5F79800B7BD78 /* secondViewController.swift */; };
		8A0617181FFB750000B7BD78 /* MainViewController.swift in Sources */ = {isa = PBXBuildFile; fileRef = 8A0617171FFB750000B7BD78 /* MainViewController.swift */; };
		8A06171A1FFC4AC300B7BD78 /* FavoritesViewController.swift in Sources */ = {isa = PBXBuildFile; fileRef = 8A0617191FFC4AC300B7BD78 /* FavoritesViewController.swift */; };
		8A06171C1FFC540F00B7BD78 /* FavoritwCellTableViewCell.swift in Sources */ = {isa = PBXBuildFile; fileRef = 8A06171B1FFC540F00B7BD78 /* FavoritwCellTableViewCell.swift */; };
		8A89BF3C1FE9B74E00BC9984 /* AppDelegate.swift in Sources */ = {isa = PBXBuildFile; fileRef = 8A89BF3B1FE9B74E00BC9984 /* AppDelegate.swift */; };
		8A89BF411FE9B74E00BC9984 /* Main.storyboard in Resources */ = {isa = PBXBuildFile; fileRef = 8A89BF3F1FE9B74E00BC9984 /* Main.storyboard */; };
		8A89BF431FE9B74E00BC9984 /* Assets.xcassets in Resources */ = {isa = PBXBuildFile; fileRef = 8A89BF421FE9B74E00BC9984 /* Assets.xcassets */; };
		8A89BF461FE9B74E00BC9984 /* LaunchScreen.storyboard in Resources */ = {isa = PBXBuildFile; fileRef = 8A89BF441FE9B74E00BC9984 /* LaunchScreen.storyboard */; };
		8A89BF4E1FE9BC8200BC9984 /* PDF.pdf in Resources */ = {isa = PBXBuildFile; fileRef = 8A89BF4D1FE9BC8200BC9984 /* PDF.pdf */; };
		8AC724A02058A764008E6963 /* ANatural.mp3 in Resources */ = {isa = PBXBuildFile; fileRef = 8AC7249F2058A763008E6963 /* ANatural.mp3 */; };
/* End PBXBuildFile section */

/* Begin PBXFileReference section */
		37524F81F2AFFDE447B1DC14 /* Pods_pdf_test.framework */ = {isa = PBXFileReference; explicitFileType = wrapper.framework; includeInIndex = 0; path = Pods_pdf_test.framework; sourceTree = BUILT_PRODUCTS_DIR; };
		39560163CE07B4AA95FE7CA1 /* Pods-pdf test.release.xcconfig */ = {isa = PBXFileReference; includeInIndex = 1; lastKnownFileType = text.xcconfig; name = "Pods-pdf test.release.xcconfig"; path = "Pods/Target Support Files/Pods-pdf test/Pods-pdf test.release.xcconfig"; sourceTree = "<group>"; };
		8A0617151FF5F79800B7BD78 /* secondViewController.swift */ = {isa = PBXFileReference; lastKnownFileType = sourcecode.swift; path = secondViewController.swift; sourceTree = "<group>"; };
		8A0617171FFB750000B7BD78 /* MainViewController.swift */ = {isa = PBXFileReference; lastKnownFileType = sourcecode.swift; path = MainViewController.swift; sourceTree = "<group>"; };
		8A0617191FFC4AC300B7BD78 /* FavoritesViewController.swift */ = {isa = PBXFileReference; lastKnownFileType = sourcecode.swift; path = FavoritesViewController.swift; sourceTree = "<group>"; };
		8A06171B1FFC540F00B7BD78 /* FavoritwCellTableViewCell.swift */ = {isa = PBXFileReference; lastKnownFileType = sourcecode.swift; path = FavoritwCellTableViewCell.swift; sourceTree = "<group>"; };
		8A89BF381FE9B74E00BC9984 /* pdf test.app */ = {isa = PBXFileReference; explicitFileType = wrapper.application; includeInIndex = 0; path = "pdf test.app"; sourceTree = BUILT_PRODUCTS_DIR; };
		8A89BF3B1FE9B74E00BC9984 /* AppDelegate.swift */ = {isa = PBXFileReference; lastKnownFileType = sourcecode.swift; path = AppDelegate.swift; sourceTree = "<group>"; };
		8A89BF401FE9B74E00BC9984 /* Base */ = {isa = PBXFileReference; lastKnownFileType = file.storyboard; name = Base; path = Base.lproj/Main.storyboard; sourceTree = "<group>"; };
		8A89BF421FE9B74E00BC9984 /* Assets.xcassets */ = {isa = PBXFileReference; lastKnownFileType = folder.assetcatalog; path = Assets.xcassets; sourceTree = "<group>"; };
		8A89BF451FE9B74E00BC9984 /* Base */ = {isa = PBXFileReference; lastKnownFileType = file.storyboard; name = Base; path = Base.lproj/LaunchScreen.storyboard; sourceTree = "<group>"; };
		8A89BF471FE9B74E00BC9984 /* Info.plist */ = {isa = PBXFileReference; lastKnownFileType = text.plist.xml; path = Info.plist; sourceTree = "<group>"; };
		8A89BF4D1FE9BC8200BC9984 /* PDF.pdf */ = {isa = PBXFileReference; lastKnownFileType = image.pdf; name = PDF.pdf; path = "../../My Apps/Kingdom Songs/Kingdom Songs/Assets.xcassets/songs.dataset/PDF.pdf"; sourceTree = "<group>"; };
		8AC7249F2058A763008E6963 /* ANatural.mp3 */ = {isa = PBXFileReference; lastKnownFileType = audio.mp3; name = ANatural.mp3; path = ../../../Downloads/ANatural.mp3; sourceTree = "<group>"; };
		AAB9C2989CDDBC54525C3D99 /* Pods-pdf test.debug.xcconfig */ = {isa = PBXFileReference; includeInIndex = 1; lastKnownFileType = text.xcconfig; name = "Pods-pdf test.debug.xcconfig"; path = "Pods/Target Support Files/Pods-pdf test/Pods-pdf test.debug.xcconfig"; sourceTree = "<group>"; };
/* End PBXFileReference section */

/* Begin PBXFrameworksBuildPhase section */
		8A89BF351FE9B74E00BC9984 /* Frameworks */ = {
			isa = PBXFrameworksBuildPhase;
			buildActionMask = 2147483647;
			files = (
				1803600A34AFA1E85EE459D1 /* Pods_pdf_test.framework in Frameworks */,
			);
			runOnlyForDeploymentPostprocessing = 0;
		};
/* End PBXFrameworksBuildPhase section */

/* Begin PBXGroup section */
		3CEF5A010B9A4ABD817F2D6A /* Frameworks */ = {
			isa = PBXGroup;
			children = (
				37524F81F2AFFDE447B1DC14 /* Pods_pdf_test.framework */,
			);
			name = Frameworks;
			sourceTree = "<group>";
		};
		8A89BF2F1FE9B74E00BC9984 = {
			isa = PBXGroup;
			children = (
				8A89BF3A1FE9B74E00BC9984 /* pdf test */,
				8A89BF391FE9B74E00BC9984 /* Products */,
				F8E081EACFFEA37D36094EE6 /* Pods */,
				3CEF5A010B9A4ABD817F2D6A /* Frameworks */,
			);
			sourceTree = "<group>";
		};
		8A89BF391FE9B74E00BC9984 /* Products */ = {
			isa = PBXGroup;
			children = (
				8A89BF381FE9B74E00BC9984 /* pdf test.app */,
			);
			name = Products;
			sourceTree = "<group>";
		};
		8A89BF3A1FE9B74E00BC9984 /* pdf test */ = {
			isa = PBXGroup;
			children = (
				8A89BF4D1FE9BC8200BC9984 /* PDF.pdf */,
				8A0617171FFB750000B7BD78 /* MainViewController.swift */,
				8A0617151FF5F79800B7BD78 /* secondViewController.swift */,
				8A0617191FFC4AC300B7BD78 /* FavoritesViewController.swift */,
				8A89BF3B1FE9B74E00BC9984 /* AppDelegate.swift */,
				8A89BF3F1FE9B74E00BC9984 /* Main.storyboard */,
				8A89BF421FE9B74E00BC9984 /* Assets.xcassets */,
				8A89BF441FE9B74E00BC9984 /* LaunchScreen.storyboard */,
				8AC7249F2058A763008E6963 /* ANatural.mp3 */,
				8A89BF471FE9B74E00BC9984 /* Info.plist */,
				8A06171B1FFC540F00B7BD78 /* FavoritwCellTableViewCell.swift */,
			);
			path = "pdf test";
			sourceTree = "<group>";
		};
		F8E081EACFFEA37D36094EE6 /* Pods */ = {
			isa = PBXGroup;
			children = (
				AAB9C2989CDDBC54525C3D99 /* Pods-pdf test.debug.xcconfig */,
				39560163CE07B4AA95FE7CA1 /* Pods-pdf test.release.xcconfig */,
			);
			name = Pods;
			sourceTree = "<group>";
		};
/* End PBXGroup section */

/* Begin PBXNativeTarget section */
		8A89BF371FE9B74E00BC9984 /* pdf test */ = {
			isa = PBXNativeTarget;
			buildConfigurationList = 8A89BF4A1FE9B74E00BC9984 /* Build configuration list for PBXNativeTarget "pdf test" */;
			buildPhases = (
				C618FB529A571E65DCD07B20 /* [CP] Check Pods Manifest.lock */,
				8A89BF341FE9B74E00BC9984 /* Sources */,
				8A89BF351FE9B74E00BC9984 /* Frameworks */,
				8A89BF361FE9B74E00BC9984 /* Resources */,
				CD8E8B86CBA88362E4CAA3ED /* [CP] Embed Pods Frameworks */,
				8AFED378BA7B4E806497CBF2 /* [CP] Copy Pods Resources */,
			);
			buildRules = (
			);
			dependencies = (
			);
			name = "pdf test";
			productName = "pdf test";
			productReference = 8A89BF381FE9B74E00BC9984 /* pdf test.app */;
			productType = "com.apple.product-type.application";
		};
/* End PBXNativeTarget section */

/* Begin PBXProject section */
		8A89BF301FE9B74E00BC9984 /* Project object */ = {
			isa = PBXProject;
			attributes = {
				KnownAssetTags = (
					1,
				);
				LastSwiftUpdateCheck = 0910;
				LastUpgradeCheck = 0910;
				ORGANIZATIONNAME = "Lena Ngungu";
				TargetAttributes = {
					8A89BF371FE9B74E00BC9984 = {
						CreatedOnToolsVersion = 9.1;
						ProvisioningStyle = Automatic;
					};
				};
			};
			buildConfigurationList = 8A89BF331FE9B74E00BC9984 /* Build configuration list for PBXProject "pdf test" */;
			compatibilityVersion = "Xcode 8.0";
			developmentRegion = en;
			hasScannedForEncodings = 0;
			knownRegions = (
				en,
				Base,
			);
			mainGroup = 8A89BF2F1FE9B74E00BC9984;
			productRefGroup = 8A89BF391FE9B74E00BC9984 /* Products */;
			projectDirPath = "";
			projectRoot = "";
			targets = (
				8A89BF371FE9B74E00BC9984 /* pdf test */,
			);
		};
/* End PBXProject section */

/* Begin PBXResourcesBuildPhase section */
		8A89BF361FE9B74E00BC9984 /* Resources */ = {
			isa = PBXResourcesBuildPhase;
			buildActionMask = 2147483647;
			files = (
				8A89BF461FE9B74E00BC9984 /* LaunchScreen.storyboard in Resources */,
				8A89BF4E1FE9BC8200BC9984 /* PDF.pdf in Resources */,
				8AC724A02058A764008E6963 /* ANatural.mp3 in Resources */,
				8A89BF431FE9B74E00BC9984 /* Assets.xcassets in Resources */,
				8A89BF411FE9B74E00BC9984 /* Main.storyboard in Resources */,
			);
			runOnlyForDeploymentPostprocessing = 0;
		};
/* End PBXResourcesBuildPhase section */

/* Begin PBXShellScriptBuildPhase section */
		8AFED378BA7B4E806497CBF2 /* [CP] Copy Pods Resources */ = {
			isa = PBXShellScriptBuildPhase;
			buildActionMask = 12;
			files = (
			);
			inputPaths = (
			);
			name = "[CP] Copy Pods Resources";
			outputPaths = (
			);
			runOnlyForDeploymentPostprocessing = 0;
			shellPath = /bin/sh;
			shellScript = "\"${SRCROOT}/Pods/Target Support Files/Pods-pdf test/Pods-pdf test-resources.sh\"\n";
			showEnvVarsInLog = 0;
		};
		C618FB529A571E65DCD07B20 /* [CP] Check Pods Manifest.lock */ = {
			isa = PBXShellScriptBuildPhase;
			buildActionMask = 12;
			files = (
			);
			inputPaths = (
			);
			name = "[CP] Check Pods Manifest.lock";
			outputPaths = (
			);
			runOnlyForDeploymentPostprocessing = 0;
			shellPath = /bin/sh;
			shellScript = "diff \"${PODS_PODFILE_DIR_PATH}/Podfile.lock\" \"${PODS_ROOT}/Manifest.lock\" > /dev/null\nif [ $? != 0 ] ; then\n    # print error to STDERR\n    echo \"error: The sandbox is not in sync with the Podfile.lock. Run 'pod install' or update your CocoaPods installation.\" >&2\n    exit 1\nfi\n";
			showEnvVarsInLog = 0;
		};
		CD8E8B86CBA88362E4CAA3ED /* [CP] Embed Pods Frameworks */ = {
			isa = PBXShellScriptBuildPhase;
			buildActionMask = 12;
			files = (
			);
			inputPaths = (
			);
			name = "[CP] Embed Pods Frameworks";
			outputPaths = (
			);
			runOnlyForDeploymentPostprocessing = 0;
			shellPath = /bin/sh;
			shellScript = "\"${SRCROOT}/Pods/Target Support Files/Pods-pdf test/Pods-pdf test-frameworks.sh\"\n";
			showEnvVarsInLog = 0;
		};
/* End PBXShellScriptBuildPhase section */

/* Begin PBXSourcesBuildPhase section */
		8A89BF341FE9B74E00BC9984 /* Sources */ = {
			isa = PBXSourcesBuildPhase;
			buildActionMask = 2147483647;
			files = (
				8A06171C1FFC540F00B7BD78 /* FavoritwCellTableViewCell.swift in Sources */,
				8A0617181FFB750000B7BD78 /* MainViewController.swift in Sources */,
				8A0617161FF5F79800B7BD78 /* secondViewController.swift in Sources */,
				8A06171A1FFC4AC300B7BD78 /* FavoritesViewController.swift in Sources */,
				8A89BF3C1FE9B74E00BC9984 /* AppDelegate.swift in Sources */,
			);
			runOnlyForDeploymentPostprocessing = 0;
		};
/* End PBXSourcesBuildPhase section */

/* Begin PBXVariantGroup section */
		8A89BF3F1FE9B74E00BC9984 /* Main.storyboard */ = {
			isa = PBXVariantGroup;
			children = (
				8A89BF401FE9B74E00BC9984 /* Base */,
			);
			name = Main.storyboard;
			sourceTree = "<group>";
		};
		8A89BF441FE9B74E00BC9984 /* LaunchScreen.storyboard */ = {
			isa = PBXVariantGroup;
			children = (
				8A89BF451FE9B74E00BC9984 /* Base */,
			);
			name = LaunchScreen.storyboard;
			sourceTree = "<group>";
		};
/* End PBXVariantGroup section */

/* Begin XCBuildConfiguration section */
		8A89BF481FE9B74E00BC9984 /* Debug */ = {
			isa = XCBuildConfiguration;
			buildSettings = {
				ALWAYS_SEARCH_USER_PATHS = NO;
				CLANG_ANALYZER_NONNULL = YES;
				CLANG_ANALYZER_NUMBER_OBJECT_CONVERSION = YES_AGGRESSIVE;
				CLANG_CXX_LANGUAGE_STANDARD = "gnu++14";
				CLANG_CXX_LIBRARY = "libc++";
				CLANG_ENABLE_MODULES = YES;
				CLANG_ENABLE_OBJC_ARC = YES;
				CLANG_WARN_BLOCK_CAPTURE_AUTORELEASING = YES;
				CLANG_WARN_BOOL_CONVERSION = YES;
				CLANG_WARN_COMMA = YES;
				CLANG_WARN_CONSTANT_CONVERSION = YES;
				CLANG_WARN_DIRECT_OBJC_ISA_USAGE = YES_ERROR;
				CLANG_WARN_DOCUMENTATION_COMMENTS = YES;
				CLANG_WARN_EMPTY_BODY = YES;
				CLANG_WARN_ENUM_CONVERSION = YES;
				CLANG_WARN_INFINITE_RECURSION = YES;
				CLANG_WARN_INT_CONVERSION = YES;
				CLANG_WARN_NON_LITERAL_NULL_CONVERSION = YES;
				CLANG_WARN_OBJC_LITERAL_CONVERSION = YES;
				CLANG_WARN_OBJC_ROOT_CLASS = YES_ERROR;
				CLANG_WARN_RANGE_LOOP_ANALYSIS = YES;
				CLANG_WARN_STRICT_PROTOTYPES = YES;
				CLANG_WARN_SUSPICIOUS_MOVE = YES;
				CLANG_WARN_UNGUARDED_AVAILABILITY = YES_AGGRESSIVE;
				CLANG_WARN_UNREACHABLE_CODE = YES;
				CLANG_WARN__DUPLICATE_METHOD_MATCH = YES;
				CODE_SIGN_IDENTITY = "iPhone Developer";
				COPY_PHASE_STRIP = NO;
				DEBUG_INFORMATION_FORMAT = dwarf;
				ENABLE_STRICT_OBJC_MSGSEND = YES;
				ENABLE_TESTABILITY = YES;
				GCC_C_LANGUAGE_STANDARD = gnu11;
				GCC_DYNAMIC_NO_PIC = NO;
				GCC_NO_COMMON_BLOCKS = YES;
				GCC_OPTIMIZATION_LEVEL = 0;
				GCC_PREPROCESSOR_DEFINITIONS = (
					"DEBUG=1",
					"$(inherited)",
				);
				GCC_WARN_64_TO_32_BIT_CONVERSION = YES;
				GCC_WARN_ABOUT_RETURN_TYPE = YES_ERROR;
				GCC_WARN_UNDECLARED_SELECTOR = YES;
				GCC_WARN_UNINITIALIZED_AUTOS = YES_AGGRESSIVE;
				GCC_WARN_UNUSED_FUNCTION = YES;
				GCC_WARN_UNUSED_VARIABLE = YES;
				IPHONEOS_DEPLOYMENT_TARGET = 11.1;
				MTL_ENABLE_DEBUG_INFO = YES;
				ONLY_ACTIVE_ARCH = YES;
				SDKROOT = iphoneos;
				SWIFT_ACTIVE_COMPILATION_CONDITIONS = DEBUG;
				SWIFT_OPTIMIZATION_LEVEL = "-Onone";
			};
			name = Debug;
		};
		8A89BF491FE9B74E00BC9984 /* Release */ = {
			isa = XCBuildConfiguration;
			buildSettings = {
				ALWAYS_SEARCH_USER_PATHS = NO;
				CLANG_ANALYZER_NONNULL = YES;
				CLANG_ANALYZER_NUMBER_OBJECT_CONVERSION = YES_AGGRESSIVE;
				CLANG_CXX_LANGUAGE_STANDARD = "gnu++14";
				CLANG_CXX_LIBRARY = "libc++";
				CLANG_ENABLE_MODULES = YES;
				CLANG_ENABLE_OBJC_ARC = YES;
				CLANG_WARN_BLOCK_CAPTURE_AUTORELEASING = YES;
				CLANG_WARN_BOOL_CONVERSION = YES;
				CLANG_WARN_COMMA = YES;
				CLANG_WARN_CONSTANT_CONVERSION = YES;
				CLANG_WARN_DIRECT_OBJC_ISA_USAGE = YES_ERROR;
				CLANG_WARN_DOCUMENTATION_COMMENTS = YES;
				CLANG_WARN_EMPTY_BODY = YES;
				CLANG_WARN_ENUM_CONVERSION = YES;
				CLANG_WARN_INFINITE_RECURSION = YES;
				CLANG_WARN_INT_CONVERSION = YES;
				CLANG_WARN_NON_LITERAL_NULL_CONVERSION = YES;
				CLANG_WARN_OBJC_LITERAL_CONVERSION = YES;
				CLANG_WARN_OBJC_ROOT_CLASS = YES_ERROR;
				CLANG_WARN_RANGE_LOOP_ANALYSIS = YES;
				CLANG_WARN_STRICT_PROTOTYPES = YES;
				CLANG_WARN_SUSPICIOUS_MOVE = YES;
				CLANG_WARN_UNGUARDED_AVAILABILITY = YES_AGGRESSIVE;
				CLANG_WARN_UNREACHABLE_CODE = YES;
				CLANG_WARN__DUPLICATE_METHOD_MATCH = YES;
				CODE_SIGN_IDENTITY = "iPhone Developer";
				COPY_PHASE_STRIP = NO;
				DEBUG_INFORMATION_FORMAT = "dwarf-with-dsym";
				ENABLE_NS_ASSERTIONS = NO;
				ENABLE_STRICT_OBJC_MSGSEND = YES;
				GCC_C_LANGUAGE_STANDARD = gnu11;
				GCC_NO_COMMON_BLOCKS = YES;
				GCC_WARN_64_TO_32_BIT_CONVERSION = YES;
				GCC_WARN_ABOUT_RETURN_TYPE = YES_ERROR;
				GCC_WARN_UNDECLARED_SELECTOR = YES;
				GCC_WARN_UNINITIALIZED_AUTOS = YES_AGGRESSIVE;
				GCC_WARN_UNUSED_FUNCTION = YES;
				GCC_WARN_UNUSED_VARIABLE = YES;
				IPHONEOS_DEPLOYMENT_TARGET = 11.1;
				MTL_ENABLE_DEBUG_INFO = NO;
				SDKROOT = iphoneos;
				SWIFT_OPTIMIZATION_LEVEL = "-Owholemodule";
				VALIDATE_PRODUCT = YES;
			};
			name = Release;
		};
		8A89BF4B1FE9B74E00BC9984 /* Debug */ = {
			isa = XCBuildConfiguration;
			baseConfigurationReference = AAB9C2989CDDBC54525C3D99 /* Pods-pdf test.debug.xcconfig */;
			buildSettings = {
				ASSETCATALOG_COMPILER_APPICON_NAME = AppIcon;
				CODE_SIGN_STYLE = Automatic;
				DEVELOPMENT_TEAM = 3DK7CC39KB;
				INFOPLIST_FILE = "pdf test/Info.plist";
				LD_RUNPATH_SEARCH_PATHS = "$(inherited) @executable_path/Frameworks";
				PRODUCT_BUNDLE_IDENTIFIER = "com.lenangungu.pdf-test";
				PRODUCT_NAME = "$(TARGET_NAME)";
				SWIFT_VERSION = 4.0;
				TARGETED_DEVICE_FAMILY = "1,2";
			};
			name = Debug;
		};
		8A89BF4C1FE9B74E00BC9984 /* Release */ = {
			isa = XCBuildConfiguration;
			baseConfigurationReference = 39560163CE07B4AA95FE7CA1 /* Pods-pdf test.release.xcconfig */;
			buildSettings = {
				ASSETCATALOG_COMPILER_APPICON_NAME = AppIcon;
				CODE_SIGN_STYLE = Automatic;
				DEVELOPMENT_TEAM = 3DK7CC39KB;
				INFOPLIST_FILE = "pdf test/Info.plist";
				LD_RUNPATH_SEARCH_PATHS = "$(inherited) @executable_path/Frameworks";
				PRODUCT_BUNDLE_IDENTIFIER = "com.lenangungu.pdf-test";
				PRODUCT_NAME = "$(TARGET_NAME)";
				SWIFT_VERSION = 4.0;
				TARGETED_DEVICE_FAMILY = "1,2";
			};
			name = Release;
		};
/* End XCBuildConfiguration section */

/* Begin XCConfigurationList section */
		8A89BF331FE9B74E00BC9984 /* Build configuration list for PBXProject "pdf test" */ = {
			isa = XCConfigurationList;
			buildConfigurations = (
				8A89BF481FE9B74E00BC9984 /* Debug */,
				8A89BF491FE9B74E00BC9984 /* Release */,
			);
			defaultConfigurationIsVisible = 0;
			defaultConfigurationName = Release;
		};
		8A89BF4A1FE9B74E00BC9984 /* Build configuration list for PBXNativeTarget "pdf test" */ = {
			isa = XCConfigurationList;
			buildConfigurations = (
				8A89BF4B1FE9B74E00BC9984 /* Debug */,
				8A89BF4C1FE9B74E00BC9984 /* Release */,
			);
			defaultConfigurationIsVisible = 0;
			defaultConfigurationName = Release;
		};
/* End XCConfigurationList section */
	};
	rootObject = 8A89BF301FE9B74E00BC9984 /* Project object */;
}
