PODS:
  - GDPDFView (1.0.4):
    - OHPDFImage
  - OHPDFImage (3.2.1)

DEPENDENCIES:
  - GDPDFView

SPEC CHECKSUMS:
  GDPDFView: ce8eeb09bd741a38e3b4bd114199a3b220d7d0bf
  OHPDFImage: b5ad5d7d99f4fbadaa8740cc3d1009f1a0b34ef0

PODFILE CHECKSUM: 0067fe84eb2c8571234354e56e569c3420e5a17c

COCOAPODS: 1.2.1
